{
  "lockfileVersion": 1,
  "workspaces": {
    "": {
      "name": "arkivjs-integration-test",
      "dependencies": {
        "arkiv": "file:../arkiv-network-sdk-latest.tgz",
      },
      "devDependencies": {
        "@types/bun": "latest",
        "rimraf": "^6.0.1",
        "testcontainers": "^11.6.0",
      },
      "peerDependencies": {
        "typescript": "^5.0.0",
      },
    },
  },
  "packages": {
    "@adraffy/ens-normalize": ["@adraffy/ens-normalize@1.11.1", "", {}, ""],

    "@balena/dockerignore": ["@balena/dockerignore@1.0.2", "", {}, ""],

    "@grpc/grpc-js": ["@grpc/grpc-js@1.14.0", "", { "dependencies": { "@grpc/proto-loader": "^0.8.0", "@js-sdsl/ordered-map": "^4.4.2" } }, ""],

    "@grpc/proto-loader": ["@grpc/proto-loader@0.7.15", "", { "dependencies": { "lodash.camelcase": "^4.3.0", "long": "^5.0.0", "protobufjs": "^7.2.5", "yargs": "^17.7.2" }, "bin": { "proto-loader-gen-types": "build/bin/proto-loader-gen-types.js" } }, ""],

    "@isaacs/balanced-match": ["@isaacs/balanced-match@4.0.1", "", {}, "sha512-yzMTt9lEb8Gv7zRioUilSglI0c0smZ9k5D65677DLWLtWJaXIS3CqcGyUFByYKlnUj6TkjLVs54fBl6+TiGQDQ=="],

    "@isaacs/brace-expansion": ["@isaacs/brace-expansion@5.0.0", "", { "dependencies": { "@isaacs/balanced-match": "^4.0.1" } }, "sha512-ZT55BDLV0yv0RBm2czMiZ+SqCGO7AvmOM3G/w2xhVPH+te0aKgFjmBvGlL1dH+ql2tgGO3MVrbb3jCKyvpgnxA=="],

    "@isaacs/cliui": ["@isaacs/cliui@8.0.2", "", { "dependencies": { "string-width": "^5.1.2", "string-width-cjs": "npm:string-width@^4.2.0", "strip-ansi": "^7.0.1", "strip-ansi-cjs": "npm:strip-ansi@^6.0.1", "wrap-ansi": "^8.1.0", "wrap-ansi-cjs": "npm:wrap-ansi@^7.0.0" } }, ""],

    "@js-sdsl/ordered-map": ["@js-sdsl/ordered-map@4.4.2", "", {}, ""],

    "@noble/ciphers": ["@noble/ciphers@1.3.0", "", {}, ""],

    "@noble/curves": ["@noble/curves@1.9.1", "", { "dependencies": { "@noble/hashes": "1.8.0" } }, ""],

    "@noble/hashes": ["@noble/hashes@1.8.0", "", {}, ""],

    "@pkgjs/parseargs": ["@pkgjs/parseargs@0.11.0", "", {}, ""],

    "@protobufjs/aspromise": ["@protobufjs/aspromise@1.1.2", "", {}, ""],

    "@protobufjs/base64": ["@protobufjs/base64@1.1.2", "", {}, ""],

    "@protobufjs/codegen": ["@protobufjs/codegen@2.0.4", "", {}, ""],

    "@protobufjs/eventemitter": ["@protobufjs/eventemitter@1.1.0", "", {}, ""],

    "@protobufjs/fetch": ["@protobufjs/fetch@1.1.0", "", { "dependencies": { "@protobufjs/aspromise": "^1.1.1", "@protobufjs/inquire": "^1.1.0" } }, ""],

    "@protobufjs/float": ["@protobufjs/float@1.0.2", "", {}, ""],

    "@protobufjs/inquire": ["@protobufjs/inquire@1.1.0", "", {}, ""],

    "@protobufjs/path": ["@protobufjs/path@1.1.2", "", {}, ""],

    "@protobufjs/pool": ["@protobufjs/pool@1.1.0", "", {}, ""],

    "@protobufjs/utf8": ["@protobufjs/utf8@1.1.0", "", {}, ""],

    "@scure/base": ["@scure/base@1.2.6", "", {}, ""],

    "@scure/bip32": ["@scure/bip32@1.7.0", "", { "dependencies": { "@noble/curves": "~1.9.0", "@noble/hashes": "~1.8.0", "@scure/base": "~1.2.5" } }, ""],

    "@scure/bip39": ["@scure/bip39@1.6.0", "", { "dependencies": { "@noble/hashes": "~1.8.0", "@scure/base": "~1.2.5" } }, ""],

    "@types/bun": ["@types/bun@1.2.22", "", { "dependencies": { "bun-types": "1.2.22" } }, "sha512-5A/KrKos2ZcN0c6ljRSOa1fYIyCKhZfIVYeuyb4snnvomnpFqC0tTsEkdqNxbAgExV384OETQ//WAjl3XbYqQA=="],

    "@types/docker-modem": ["@types/docker-modem@3.0.6", "", { "dependencies": { "@types/node": "*", "@types/ssh2": "*" } }, ""],

    "@types/dockerode": ["@types/dockerode@3.3.44", "", { "dependencies": { "@types/docker-modem": "*", "@types/node": "*", "@types/ssh2": "*" } }, ""],

    "@types/node": ["@types/node@24.5.2", "", { "dependencies": { "undici-types": "~7.12.0" } }, ""],

    "@types/react": ["@types/react@19.1.13", "", { "dependencies": { "csstype": "^3.0.2" } }, ""],

    "@types/ssh2": ["@types/ssh2@1.15.5", "", { "dependencies": { "@types/node": "^18.11.18" } }, ""],

    "@types/ssh2-streams": ["@types/ssh2-streams@0.1.12", "", { "dependencies": { "@types/node": "*" } }, ""],

    "abitype": ["abitype@1.1.0", "", { "peerDependencies": { "typescript": ">=5.0.4", "zod": "^3.22.0 || ^4.0.0" }, "optionalPeers": ["zod"] }, ""],

    "abort-controller": ["abort-controller@3.0.0", "", { "dependencies": { "event-target-shim": "^5.0.0" } }, ""],

    "ansi-regex": ["ansi-regex@6.2.2", "", {}, ""],

    "ansi-styles": ["ansi-styles@6.2.3", "", {}, ""],

    "archiver": ["archiver@7.0.1", "", { "dependencies": { "archiver-utils": "^5.0.2", "async": "^3.2.4", "buffer-crc32": "^1.0.0", "readable-stream": "^4.0.0", "readdir-glob": "^1.1.2", "tar-stream": "^3.0.0", "zip-stream": "^6.0.1" } }, ""],

    "archiver-utils": ["archiver-utils@5.0.2", "", { "dependencies": { "glob": "^10.0.0", "graceful-fs": "^4.2.0", "is-stream": "^2.0.1", "lazystream": "^1.0.0", "lodash": "^4.17.15", "normalize-path": "^3.0.0", "readable-stream": "^4.0.0" } }, ""],

    "arkiv": ["@arkiv-network/sdk@../arkiv-network-sdk-latest.tgz", { "dependencies": { "brotli-wasm": "^3.0.1", "viem": "^2.38.2" }, "peerDependencies": { "typescript": "^5.0.0" } }],

    "asn1": ["asn1@0.2.6", "", { "dependencies": { "safer-buffer": "~2.1.0" } }, ""],

    "async": ["async@3.2.6", "", {}, ""],

    "async-lock": ["async-lock@1.4.1", "", {}, ""],

    "b4a": ["b4a@1.7.2", "", { "peerDependencies": { "react-native-b4a": "*" }, "optionalPeers": ["react-native-b4a"] }, ""],

    "balanced-match": ["balanced-match@1.0.2", "", {}, ""],

    "bare-events": ["bare-events@2.7.0", "", {}, ""],

    "bare-fs": ["bare-fs@4.4.4", "", { "dependencies": { "bare-events": "^2.5.4", "bare-path": "^3.0.0", "bare-stream": "^2.6.4", "bare-url": "^2.2.2", "fast-fifo": "^1.3.2" }, "peerDependencies": { "bare-buffer": "*" }, "optionalPeers": ["bare-buffer"] }, ""],

    "bare-os": ["bare-os@3.6.2", "", {}, ""],

    "bare-path": ["bare-path@3.0.0", "", { "dependencies": { "bare-os": "^3.0.1" } }, ""],

    "bare-stream": ["bare-stream@2.7.0", "", { "dependencies": { "streamx": "^2.21.0" }, "peerDependencies": { "bare-buffer": "*", "bare-events": "*" }, "optionalPeers": ["bare-buffer"] }, ""],

    "bare-url": ["bare-url@2.2.2", "", { "dependencies": { "bare-path": "^3.0.0" } }, ""],

    "base64-js": ["base64-js@1.5.1", "", {}, ""],

    "bcrypt-pbkdf": ["bcrypt-pbkdf@1.0.2", "", { "dependencies": { "tweetnacl": "^0.14.3" } }, ""],

    "bl": ["bl@4.1.0", "", { "dependencies": { "buffer": "^5.5.0", "inherits": "^2.0.4", "readable-stream": "^3.4.0" } }, ""],

    "brace-expansion": ["brace-expansion@2.0.2", "", { "dependencies": { "balanced-match": "^1.0.0" } }, ""],

    "brotli-wasm": ["brotli-wasm@3.0.1", "", {}, "sha512-U3K72/JAi3jITpdhZBqzSUq+DUY697tLxOuFXB+FpAE/Ug+5C3VZrv4uA674EUZHxNAuQ9wETXNqQkxZD6oL4A=="],

    "buffer": ["buffer@6.0.3", "", { "dependencies": { "base64-js": "^1.3.1", "ieee754": "^1.2.1" } }, ""],

    "buffer-crc32": ["buffer-crc32@1.0.0", "", {}, ""],

    "buildcheck": ["buildcheck@0.0.6", "", {}, ""],

    "bun-types": ["bun-types@1.2.22", "", { "dependencies": { "@types/node": "*" }, "peerDependencies": { "@types/react": "^19" } }, ""],

    "byline": ["byline@5.0.0", "", {}, ""],

    "chownr": ["chownr@1.1.4", "", {}, ""],

    "cliui": ["cliui@8.0.1", "", { "dependencies": { "string-width": "^4.2.0", "strip-ansi": "^6.0.1", "wrap-ansi": "^7.0.0" } }, ""],

    "color-convert": ["color-convert@2.0.1", "", { "dependencies": { "color-name": "~1.1.4" } }, ""],

    "color-name": ["color-name@1.1.4", "", {}, ""],

    "compress-commons": ["compress-commons@6.0.2", "", { "dependencies": { "crc-32": "^1.2.0", "crc32-stream": "^6.0.0", "is-stream": "^2.0.1", "normalize-path": "^3.0.0", "readable-stream": "^4.0.0" } }, ""],

    "core-util-is": ["core-util-is@1.0.3", "", {}, ""],

    "cpu-features": ["cpu-features@0.0.10", "", { "dependencies": { "buildcheck": "~0.0.6", "nan": "^2.19.0" } }, ""],

    "crc-32": ["crc-32@1.2.2", "", { "bin": { "crc32": "bin/crc32.njs" } }, ""],

    "crc32-stream": ["crc32-stream@6.0.0", "", { "dependencies": { "crc-32": "^1.2.0", "readable-stream": "^4.0.0" } }, ""],

    "cross-spawn": ["cross-spawn@7.0.6", "", { "dependencies": { "path-key": "^3.1.0", "shebang-command": "^2.0.0", "which": "^2.0.1" } }, ""],

    "csstype": ["csstype@3.1.3", "", {}, ""],

    "debug": ["debug@4.4.3", "", { "dependencies": { "ms": "^2.1.3" } }, ""],

    "docker-compose": ["docker-compose@1.3.0", "", { "dependencies": { "yaml": "^2.2.2" } }, ""],

    "docker-modem": ["docker-modem@5.0.6", "", { "dependencies": { "debug": "^4.1.1", "readable-stream": "^3.5.0", "split-ca": "^1.0.1", "ssh2": "^1.15.0" } }, ""],

    "dockerode": ["dockerode@4.0.8", "", { "dependencies": { "@balena/dockerignore": "^1.0.2", "@grpc/grpc-js": "^1.11.1", "@grpc/proto-loader": "^0.7.13", "docker-modem": "^5.0.6", "protobufjs": "^7.3.2", "tar-fs": "~2.1.3", "uuid": "^10.0.0" } }, ""],

    "eastasianwidth": ["eastasianwidth@0.2.0", "", {}, ""],

    "emoji-regex": ["emoji-regex@9.2.2", "", {}, ""],

    "end-of-stream": ["end-of-stream@1.4.5", "", { "dependencies": { "once": "^1.4.0" } }, ""],

    "escalade": ["escalade@3.2.0", "", {}, ""],

    "event-target-shim": ["event-target-shim@5.0.1", "", {}, ""],

    "eventemitter3": ["eventemitter3@5.0.1", "", {}, ""],

    "events": ["events@3.3.0", "", {}, ""],

    "events-universal": ["events-universal@1.0.1", "", { "dependencies": { "bare-events": "^2.7.0" } }, ""],

    "fast-fifo": ["fast-fifo@1.3.2", "", {}, ""],

    "foreground-child": ["foreground-child@3.3.1", "", { "dependencies": { "cross-spawn": "^7.0.6", "signal-exit": "^4.0.1" } }, ""],

    "fs-constants": ["fs-constants@1.0.0", "", {}, ""],

    "get-caller-file": ["get-caller-file@2.0.5", "", {}, ""],

    "get-port": ["get-port@7.1.0", "", {}, ""],

    "glob": ["glob@11.0.3", "", { "dependencies": { "foreground-child": "^3.3.1", "jackspeak": "^4.1.1", "minimatch": "^10.0.3", "minipass": "^7.1.2", "package-json-from-dist": "^1.0.0", "path-scurry": "^2.0.0" }, "bin": { "glob": "dist/esm/bin.mjs" } }, "sha512-2Nim7dha1KVkaiF4q6Dj+ngPPMdfvLJEOpZk/jKiUAkqKebpGAWQXAq9z1xu9HKu5lWfqw/FASuccEjyznjPaA=="],

    "graceful-fs": ["graceful-fs@4.2.11", "", {}, ""],

    "ieee754": ["ieee754@1.2.1", "", {}, ""],

    "inherits": ["inherits@2.0.4", "", {}, ""],

    "is-fullwidth-code-point": ["is-fullwidth-code-point@3.0.0", "", {}, ""],

    "is-stream": ["is-stream@2.0.1", "", {}, ""],

    "isarray": ["isarray@1.0.0", "", {}, ""],

    "isexe": ["isexe@2.0.0", "", {}, ""],

    "isows": ["isows@1.0.7", "", { "peerDependencies": { "ws": "*" } }, ""],

    "jackspeak": ["jackspeak@4.1.1", "", { "dependencies": { "@isaacs/cliui": "^8.0.2" } }, "sha512-zptv57P3GpL+O0I7VdMJNBZCu+BPHVQUk55Ft8/QCJjTVxrnJHuVuX/0Bl2A6/+2oyR/ZMEuFKwmzqqZ/U5nPQ=="],

    "lazystream": ["lazystream@1.0.1", "", { "dependencies": { "readable-stream": "^2.0.5" } }, ""],

    "lodash": ["lodash@4.17.21", "", {}, ""],

    "lodash.camelcase": ["lodash.camelcase@4.3.0", "", {}, ""],

    "long": ["long@5.3.2", "", {}, ""],

    "lru-cache": ["lru-cache@11.2.2", "", {}, "sha512-F9ODfyqML2coTIsQpSkRHnLSZMtkU8Q+mSfcaIyKwy58u+8k5nvAYeiNhsyMARvzNcXJ9QfWVrcPsC9e9rAxtg=="],

    "minimatch": ["minimatch@10.1.1", "", { "dependencies": { "@isaacs/brace-expansion": "^5.0.0" } }, "sha512-enIvLvRAFZYXJzkCYG5RKmPfrFArdLv+R+lbQ53BmIMLIry74bjKzX6iHAm8WYamJkhSSEabrWN5D97XnKObjQ=="],

    "minipass": ["minipass@7.1.2", "", {}, ""],

    "mkdirp": ["mkdirp@1.0.4", "", { "bin": "bin/cmd.js" }, ""],

    "mkdirp-classic": ["mkdirp-classic@0.5.3", "", {}, ""],

    "ms": ["ms@2.1.3", "", {}, ""],

    "nan": ["nan@2.23.0", "", {}, ""],

    "normalize-path": ["normalize-path@3.0.0", "", {}, ""],

    "once": ["once@1.4.0", "", { "dependencies": { "wrappy": "1" } }, ""],

    "ox": ["ox@0.9.6", "", { "dependencies": { "@adraffy/ens-normalize": "^1.11.0", "@noble/ciphers": "^1.3.0", "@noble/curves": "1.9.1", "@noble/hashes": "^1.8.0", "@scure/bip32": "^1.7.0", "@scure/bip39": "^1.6.0", "abitype": "^1.0.9", "eventemitter3": "5.0.1" }, "peerDependencies": { "typescript": ">=5.4.0" } }, ""],

    "package-json-from-dist": ["package-json-from-dist@1.0.1", "", {}, ""],

    "path-key": ["path-key@3.1.1", "", {}, ""],

    "path-scurry": ["path-scurry@2.0.0", "", { "dependencies": { "lru-cache": "^11.0.0", "minipass": "^7.1.2" } }, "sha512-ypGJsmGtdXUOeM5u93TyeIEfEhM6s+ljAhrk5vAvSx8uyY/02OvrZnA0YNGUrPXfpJMgI1ODd3nwz8Npx4O4cg=="],

    "process": ["process@0.11.10", "", {}, ""],

    "process-nextick-args": ["process-nextick-args@2.0.1", "", {}, ""],

    "proper-lockfile": ["proper-lockfile@4.1.2", "", { "dependencies": { "graceful-fs": "^4.2.4", "retry": "^0.12.0", "signal-exit": "^3.0.2" } }, ""],

    "properties-reader": ["properties-reader@2.3.0", "", { "dependencies": { "mkdirp": "^1.0.4" } }, ""],

    "protobufjs": ["protobufjs@7.5.4", "", { "dependencies": { "@protobufjs/aspromise": "^1.1.2", "@protobufjs/base64": "^1.1.2", "@protobufjs/codegen": "^2.0.4", "@protobufjs/eventemitter": "^1.1.0", "@protobufjs/fetch": "^1.1.0", "@protobufjs/float": "^1.0.2", "@protobufjs/inquire": "^1.1.0", "@protobufjs/path": "^1.1.2", "@protobufjs/pool": "^1.1.0", "@protobufjs/utf8": "^1.1.0", "@types/node": ">=13.7.0", "long": "^5.0.0" } }, ""],

    "pump": ["pump@3.0.3", "", { "dependencies": { "end-of-stream": "^1.1.0", "once": "^1.3.1" } }, ""],

    "readable-stream": ["readable-stream@4.7.0", "", { "dependencies": { "abort-controller": "^3.0.0", "buffer": "^6.0.3", "events": "^3.3.0", "process": "^0.11.10", "string_decoder": "^1.3.0" } }, ""],

    "readdir-glob": ["readdir-glob@1.1.3", "", { "dependencies": { "minimatch": "^5.1.0" } }, ""],

    "require-directory": ["require-directory@2.1.1", "", {}, ""],

    "retry": ["retry@0.12.0", "", {}, ""],

    "rimraf": ["rimraf@6.1.0", "", { "dependencies": { "glob": "^11.0.3", "package-json-from-dist": "^1.0.1" }, "bin": { "rimraf": "dist/esm/bin.mjs" } }, "sha512-DxdlA1bdNzkZK7JiNWH+BAx1x4tEJWoTofIopFo6qWUU94jYrFZ0ubY05TqH3nWPJ1nKa1JWVFDINZ3fnrle/A=="],

    "safe-buffer": ["safe-buffer@5.2.1", "", {}, ""],

    "safer-buffer": ["safer-buffer@2.1.2", "", {}, ""],

    "shebang-command": ["shebang-command@2.0.0", "", { "dependencies": { "shebang-regex": "^3.0.0" } }, ""],

    "shebang-regex": ["shebang-regex@3.0.0", "", {}, ""],

    "signal-exit": ["signal-exit@3.0.7", "", {}, ""],

    "split-ca": ["split-ca@1.0.1", "", {}, ""],

    "ssh-remote-port-forward": ["ssh-remote-port-forward@1.0.4", "", { "dependencies": { "@types/ssh2": "^0.5.48", "ssh2": "^1.4.0" } }, ""],

    "ssh2": ["ssh2@1.17.0", "", { "dependencies": { "asn1": "^0.2.6", "bcrypt-pbkdf": "^1.0.2" }, "optionalDependencies": { "cpu-features": "~0.0.10", "nan": "^2.23.0" } }, ""],

    "streamx": ["streamx@2.23.0", "", { "dependencies": { "events-universal": "^1.0.0", "fast-fifo": "^1.3.2", "text-decoder": "^1.1.0" } }, ""],

    "string-width": ["string-width@5.1.2", "", { "dependencies": { "eastasianwidth": "^0.2.0", "emoji-regex": "^9.2.2", "strip-ansi": "^7.0.1" } }, ""],

    "string-width-cjs": ["string-width@4.2.3", "", { "dependencies": { "emoji-regex": "^8.0.0", "is-fullwidth-code-point": "^3.0.0", "strip-ansi": "^6.0.1" } }, ""],

    "string_decoder": ["string_decoder@1.3.0", "", { "dependencies": { "safe-buffer": "~5.2.0" } }, ""],

    "strip-ansi": ["strip-ansi@7.1.2", "", { "dependencies": { "ansi-regex": "^6.0.1" } }, ""],

    "strip-ansi-cjs": ["strip-ansi@6.0.1", "", { "dependencies": { "ansi-regex": "^5.0.1" } }, ""],

    "tar-fs": ["tar-fs@3.1.1", "", { "dependencies": { "pump": "^3.0.0", "tar-stream": "^3.1.5" }, "optionalDependencies": { "bare-fs": "^4.0.1", "bare-path": "^3.0.0" } }, ""],

    "tar-stream": ["tar-stream@3.1.7", "", { "dependencies": { "b4a": "^1.6.4", "fast-fifo": "^1.2.0", "streamx": "^2.15.0" } }, ""],

    "testcontainers": ["testcontainers@11.6.0", "", { "dependencies": { "@balena/dockerignore": "^1.0.2", "@types/dockerode": "^3.3.43", "archiver": "^7.0.1", "async-lock": "^1.4.1", "byline": "^5.0.0", "debug": "^4.4.3", "docker-compose": "^1.3.0", "dockerode": "^4.0.8", "get-port": "^7.1.0", "proper-lockfile": "^4.1.2", "properties-reader": "^2.3.0", "ssh-remote-port-forward": "^1.0.4", "tar-fs": "^3.1.0", "tmp": "^0.2.5", "undici": "^7.16.0" } }, ""],

    "text-decoder": ["text-decoder@1.2.3", "", { "dependencies": { "b4a": "^1.6.4" } }, ""],

    "tmp": ["tmp@0.2.5", "", {}, ""],

    "tweetnacl": ["tweetnacl@0.14.5", "", {}, ""],

    "typescript": ["typescript@5.9.2", "", { "bin": { "tsc": "bin/tsc", "tsserver": "bin/tsserver" } }, ""],

    "undici": ["undici@7.16.0", "", {}, ""],

    "undici-types": ["undici-types@7.12.0", "", {}, ""],

    "util-deprecate": ["util-deprecate@1.0.2", "", {}, ""],

    "uuid": ["uuid@10.0.0", "", { "bin": "dist/bin/uuid" }, ""],

    "viem": ["viem@2.38.6", "", { "dependencies": { "@noble/curves": "1.9.1", "@noble/hashes": "1.8.0", "@scure/bip32": "1.7.0", "@scure/bip39": "1.6.0", "abitype": "1.1.0", "isows": "1.0.7", "ox": "0.9.6", "ws": "8.18.3" }, "peerDependencies": { "typescript": ">=5.0.4" }, "optionalPeers": ["typescript"] }, "sha512-aqO6P52LPXRjdnP6rl5Buab65sYa4cZ6Cpn+k4OLOzVJhGIK8onTVoKMFMT04YjDfyDICa/DZyV9HmvLDgcjkw=="],

    "which": ["which@2.0.2", "", { "dependencies": { "isexe": "^2.0.0" }, "bin": { "node-which": "bin/node-which" } }, ""],

    "wrap-ansi": ["wrap-ansi@8.1.0", "", { "dependencies": { "ansi-styles": "^6.1.0", "string-width": "^5.0.1", "strip-ansi": "^7.0.1" } }, ""],

    "wrap-ansi-cjs": ["wrap-ansi@7.0.0", "", { "dependencies": { "ansi-styles": "^4.0.0", "string-width": "^4.1.0", "strip-ansi": "^6.0.0" } }, ""],

    "wrappy": ["wrappy@1.0.2", "", {}, ""],

    "ws": ["ws@8.18.3", "", { "peerDependencies": { "bufferutil": "^4.0.1", "utf-8-validate": ">=5.0.2" }, "optionalPeers": ["bufferutil", "utf-8-validate"] }, ""],

    "y18n": ["y18n@5.0.8", "", {}, ""],

    "yaml": ["yaml@2.8.1", "", { "bin": "bin.mjs" }, ""],

    "yargs": ["yargs@17.7.2", "", { "dependencies": { "cliui": "^8.0.1", "escalade": "^3.1.1", "get-caller-file": "^2.0.5", "require-directory": "^2.1.1", "string-width": "^4.2.3", "y18n": "^5.0.5", "yargs-parser": "^21.1.1" } }, ""],

    "yargs-parser": ["yargs-parser@21.1.1", "", {}, ""],

    "zip-stream": ["zip-stream@6.0.1", "", { "dependencies": { "archiver-utils": "^5.0.0", "compress-commons": "^6.0.2", "readable-stream": "^4.0.0" } }, ""],

    "@grpc/grpc-js/@grpc/proto-loader": ["@grpc/proto-loader@0.8.0", "", { "dependencies": { "lodash.camelcase": "^4.3.0", "long": "^5.0.0", "protobufjs": "^7.5.3", "yargs": "^17.7.2" }, "bin": { "proto-loader-gen-types": "build/bin/proto-loader-gen-types.js" } }, ""],

    "@types/ssh2/@types/node": ["@types/node@18.19.127", "", { "dependencies": { "undici-types": "~5.26.4" } }, ""],

    "archiver-utils/glob": ["glob@10.4.5", "", { "dependencies": { "foreground-child": "^3.1.0", "jackspeak": "^3.1.2", "minimatch": "^9.0.4", "minipass": "^7.1.2", "package-json-from-dist": "^1.0.0", "path-scurry": "^1.11.1" }, "bin": "dist/esm/bin.mjs" }, ""],

    "bl/buffer": ["buffer@5.7.1", "", { "dependencies": { "base64-js": "^1.3.1", "ieee754": "^1.1.13" } }, ""],

    "bl/readable-stream": ["readable-stream@3.6.2", "", { "dependencies": { "inherits": "^2.0.3", "string_decoder": "^1.1.1", "util-deprecate": "^1.0.1" } }, ""],

    "cliui/string-width": ["string-width@4.2.3", "", { "dependencies": { "emoji-regex": "^8.0.0", "is-fullwidth-code-point": "^3.0.0", "strip-ansi": "^6.0.1" } }, ""],

    "cliui/strip-ansi": ["strip-ansi@6.0.1", "", { "dependencies": { "ansi-regex": "^5.0.1" } }, ""],

    "cliui/wrap-ansi": ["wrap-ansi@7.0.0", "", { "dependencies": { "ansi-styles": "^4.0.0", "string-width": "^4.1.0", "strip-ansi": "^6.0.0" } }, ""],

    "docker-modem/readable-stream": ["readable-stream@3.6.2", "", { "dependencies": { "inherits": "^2.0.3", "string_decoder": "^1.1.1", "util-deprecate": "^1.0.1" } }, ""],

    "dockerode/tar-fs": ["tar-fs@2.1.4", "", { "dependencies": { "chownr": "^1.1.1", "mkdirp-classic": "^0.5.2", "pump": "^3.0.0", "tar-stream": "^2.1.4" } }, ""],

    "foreground-child/signal-exit": ["signal-exit@4.1.0", "", {}, ""],

    "lazystream/readable-stream": ["readable-stream@2.3.8", "", { "dependencies": { "core-util-is": "~1.0.0", "inherits": "~2.0.3", "isarray": "~1.0.0", "process-nextick-args": "~2.0.0", "safe-buffer": "~5.1.1", "string_decoder": "~1.1.1", "util-deprecate": "~1.0.1" } }, ""],

    "readdir-glob/minimatch": ["minimatch@5.1.6", "", { "dependencies": { "brace-expansion": "^2.0.1" } }, ""],

    "ssh-remote-port-forward/@types/ssh2": ["@types/ssh2@0.5.52", "", { "dependencies": { "@types/node": "*", "@types/ssh2-streams": "*" } }, ""],

    "string-width-cjs/emoji-regex": ["emoji-regex@8.0.0", "", {}, ""],

    "string-width-cjs/strip-ansi": ["strip-ansi@6.0.1", "", { "dependencies": { "ansi-regex": "^5.0.1" } }, ""],

    "strip-ansi-cjs/ansi-regex": ["ansi-regex@5.0.1", "", {}, ""],

    "wrap-ansi-cjs/ansi-styles": ["ansi-styles@4.3.0", "", { "dependencies": { "color-convert": "^2.0.1" } }, ""],

    "wrap-ansi-cjs/string-width": ["string-width@4.2.3", "", { "dependencies": { "emoji-regex": "^8.0.0", "is-fullwidth-code-point": "^3.0.0", "strip-ansi": "^6.0.1" } }, ""],

    "wrap-ansi-cjs/strip-ansi": ["strip-ansi@6.0.1", "", { "dependencies": { "ansi-regex": "^5.0.1" } }, ""],

    "yargs/string-width": ["string-width@4.2.3", "", { "dependencies": { "emoji-regex": "^8.0.0", "is-fullwidth-code-point": "^3.0.0", "strip-ansi": "^6.0.1" } }, ""],

    "@types/ssh2/@types/node/undici-types": ["undici-types@5.26.5", "", {}, ""],

    "archiver-utils/glob/jackspeak": ["jackspeak@3.4.3", "", { "dependencies": { "@isaacs/cliui": "^8.0.2" }, "optionalDependencies": { "@pkgjs/parseargs": "^0.11.0" } }, ""],

    "archiver-utils/glob/minimatch": ["minimatch@9.0.5", "", { "dependencies": { "brace-expansion": "^2.0.1" } }, ""],

    "archiver-utils/glob/path-scurry": ["path-scurry@1.11.1", "", { "dependencies": { "lru-cache": "^10.2.0", "minipass": "^5.0.0 || ^6.0.2 || ^7.0.0" } }, ""],

    "cliui/string-width/emoji-regex": ["emoji-regex@8.0.0", "", {}, ""],

    "cliui/strip-ansi/ansi-regex": ["ansi-regex@5.0.1", "", {}, ""],

    "cliui/wrap-ansi/ansi-styles": ["ansi-styles@4.3.0", "", { "dependencies": { "color-convert": "^2.0.1" } }, ""],

    "dockerode/tar-fs/tar-stream": ["tar-stream@2.2.0", "", { "dependencies": { "bl": "^4.0.3", "end-of-stream": "^1.4.1", "fs-constants": "^1.0.0", "inherits": "^2.0.3", "readable-stream": "^3.1.1" } }, ""],

    "lazystream/readable-stream/safe-buffer": ["safe-buffer@5.1.2", "", {}, ""],

    "lazystream/readable-stream/string_decoder": ["string_decoder@1.1.1", "", { "dependencies": { "safe-buffer": "~5.1.0" } }, ""],

    "string-width-cjs/strip-ansi/ansi-regex": ["ansi-regex@5.0.1", "", {}, ""],

    "wrap-ansi-cjs/string-width/emoji-regex": ["emoji-regex@8.0.0", "", {}, ""],

    "wrap-ansi-cjs/strip-ansi/ansi-regex": ["ansi-regex@5.0.1", "", {}, ""],

    "yargs/string-width/emoji-regex": ["emoji-regex@8.0.0", "", {}, ""],

    "yargs/string-width/strip-ansi": ["strip-ansi@6.0.1", "", { "dependencies": { "ansi-regex": "^5.0.1" } }, ""],

    "archiver-utils/glob/path-scurry/lru-cache": ["lru-cache@10.4.3", "", {}, ""],

    "dockerode/tar-fs/tar-stream/readable-stream": ["readable-stream@3.6.2", "", { "dependencies": { "inherits": "^2.0.3", "string_decoder": "^1.1.1", "util-deprecate": "^1.0.1" } }, ""],

    "yargs/string-width/strip-ansi/ansi-regex": ["ansi-regex@5.0.1", "", {}, ""],
  }
}
